Microsoft Visual Studio Solution File, Format Version 11.00
# Visual Studio 2008

Project("{3C4FA439-3BEE-44EA-7FBC-83268824B3ED}") = "PCG", "Assembly-CSharp.csproj", "{D55608B3-AC04-2997-F746-EBB81BBF43D7}"
EndProject
Global
	GlobalSection(SolutionConfigurationPlatforms) = preSolution
		Debug|Any CPU = Debug|Any CPU
		Release|Any CPU = Release|Any CPU
	EndGlobalSection
	GlobalSection(ProjectConfigurationPlatforms) = postSolution
		{D55608B3-AC04-2997-F746-EBB81BBF43D7}.Debug|Any CPU.ActiveCfg = Debug|Any CPU
		{D55608B3-AC04-2997-F746-EBB81BBF43D7}.Debug|Any CPU.Build.0 = Debug|Any CPU
		{D55608B3-AC04-2997-F746-EBB81BBF43D7}.Release|Any CPU.ActiveCfg = Release|Any CPU
		{D55608B3-AC04-2997-F746-EBB81BBF43D7}.Release|Any CPU.Build.0 = Release|Any CPU
	EndGlobalSection
	GlobalSection(SolutionProperties) = preSolution
		HideSolutionNode = FALSE
	EndGlobalSection
	GlobalSection(MonoDevelopProperties) = preSolution
		StartupItem = Assembly-CSharp.csproj
	EndGlobalSection
EndGlobal
